{
  "name": "@ahmadnassri/spawn-promise",
  "version": "0.0.0-development",
  "lockfileVersion": 1,
  "requires": true,
  "dependencies": {
    "@ahmadnassri/error": {
      "version": "1.1.0",
      "resolved": "https://registry.npmjs.org/@ahmadnassri/error/-/error-1.1.0.tgz",
      "integrity": "sha1-qQ1rrdYPnQOZzJ0HI5kEpWXrt6o="
    }
  }
}
